# This file is automatically @generated by Cargo.
# It is not intended for manual editing.
version = 4

[[package]]
name = "sdl3-main"
version = "0.4.0"
source = "registry+https://github.com/rust-lang/crates.io-index"
checksum = "2e6e2f0c427acdb4ea443333e0ee90c4b42c433b24a6d6af4f23f391c6bd239e"
dependencies = [
 "sdl3-main-macros",
 "sdl3-sys",
]

[[package]]
name = "sdl3-main-macros"
version = "0.1.1"
source = "registry+https://github.com/rust-lang/crates.io-index"
checksum = "ae58599dd01dd58b4cafa3a52d3a80cd2fb3599764defb5ee534de8f340f2010"

[[package]]
name = "sdl3-sys"
version = "0.4.0+SDL3-3.2.0"
source = "registry+https://github.com/rust-lang/crates.io-index"
checksum = "cb0d323f86cf34c363ec472ec7c5e88285d8c9315a027a63b51280b1d27b3778"

[[package]]
name = "sdl3engine"
version = "0.1.0"
dependencies = [
 "sdl3-main",
 "sdl3-sys",
]
